lockfile_version: '1'
generated_at: '2026-05-06T12:30:09.615282+00:00'
apm_version: 0.12.2
dependencies:
- repo_url: DevExpGbb/zava-agent-config
  host: github.com
  resolved_commit: 0240ae5e2569072c4f649d6343601179afe6e5c7
  resolved_ref: v4.0.0
  virtual_path: plugins/code-kit
  is_virtual: true
  package_type: marketplace_plugin
  deployed_files:
  - .agents/skills/panel-review
  - .github/agents/architect.agent.md
  deployed_file_hashes:
    .github/agents/architect.agent.md: sha256:de74154b914769a13b4dc594f998db0e745280f8890af1ca526f10b10d0ecc5a
  content_hash: sha256:c737bd34d93610cfc77a56ac182e93a9ea14212db4e2e95de3f1bd3bfdf16ee1
- repo_url: DevExpGbb/zava-agent-config
  host: github.com
  resolved_commit: 0240ae5e2569072c4f649d6343601179afe6e5c7
  resolved_ref: v4.0.0
  virtual_path: plugins/operate-kit
  is_virtual: true
  package_type: marketplace_plugin
  deployed_files:
  - .agents/skills/incident-to-pr
  content_hash: sha256:af7574c95f5c169a5023ccddb61e933a893570d9fd9d04f18c7ba81973d2b6f7
- repo_url: DevExpGbb/zava-agent-config
  host: github.com
  resolved_commit: 0240ae5e2569072c4f649d6343601179afe6e5c7
  resolved_ref: v4.0.0
  virtual_path: plugins/release-kit
  is_virtual: true
  package_type: marketplace_plugin
  deployed_files:
  - .github/instructions/ci-cd-golden-paths.instructions.md
  deployed_file_hashes:
    .github/instructions/ci-cd-golden-paths.instructions.md: sha256:2fbe12eb300b75f8bc09ddb461c252a48c5b355c4aaf44f689d3b56b2086bb20
  content_hash: sha256:2c30bc8013bcf2c545a94e36f0d111d3731810438c54453f416d73237675e6c9
- repo_url: DevExpGbb/zava-agent-config
  host: github.com
  resolved_commit: 0240ae5e2569072c4f649d6343601179afe6e5c7
  resolved_ref: v4.0.0
  virtual_path: plugins/secure-baseline
  is_virtual: true
  package_type: marketplace_plugin
  deployed_files:
  - .github/agents/security.agent.md
  - .github/instructions/docs-style-guide.instructions.md
  - .github/instructions/secure-coding-base.instructions.md
  deployed_file_hashes:
    .github/agents/security.agent.md: sha256:8092bef9ff98c66251754d33e9b241f4f25293578b31e258cee88124c80590c1
    .github/instructions/docs-style-guide.instructions.md: sha256:cad1b1161ef8d53e08038302b6c8cd14dbc03f75fa7ec267edf3d1f07824a739
    .github/instructions/secure-coding-base.instructions.md: sha256:f0a32226b87082a4e4cad08a070e55c177e23e0ef728329973634c84c3a81d14
  content_hash: sha256:21c3a0cc1f14fd6d80a2943a319b97fec8bb36b6aa8eb66177455c0074754ea6
